
Microsoft Visual Studio Solution File, Format Version 12.00
# Visual Studio Version 17
VisualStudioVersion = 17.2.32630.192
MinimumVisualStudioVersion = 10.0.40219.1
Project("{FAE04EC0-301F-11D3-BF4B-00C04F79EFBC}") = "Gear Optimizer", "Gear Optimizer.csproj", "{B3B73364-07C5-478A-8CD4-5357CC0C08DB}"
EndProject
Global
	GlobalSection(SolutionConfigurationPlatforms) = preSolution
		Debug|Any CPU = Debug|Any CPU
		Release|Any CPU = Release|Any CPU
	EndGlobalSection
	GlobalSection(ProjectConfigurationPlatforms) = postSolution
		{B3B73364-07C5-478A-8CD4-5357CC0C08DB}.Debug|Any CPU.ActiveCfg = Debug|Any CPU
		{B3B73364-07C5-478A-8CD4-5357CC0C08DB}.Debug|Any CPU.Build.0 = Debug|Any CPU
		{B3B73364-07C5-478A-8CD4-5357CC0C08DB}.Release|Any CPU.ActiveCfg = Release|Any CPU
		{B3B73364-07C5-478A-8CD4-5357CC0C08DB}.Release|Any CPU.Build.0 = Release|Any CPU
	EndGlobalSection
	GlobalSection(SolutionProperties) = preSolution
		HideSolutionNode = FALSE
	EndGlobalSection
	GlobalSection(ExtensibilityGlobals) = postSolution
		SolutionGuid = {B5872041-9352-461E-86A6-F4258C5EB132}
	EndGlobalSection
EndGlobal
